
Microsoft Visual Studio Solution File, Format Version 12.00
# Visual Studio Version 16
VisualStudioVersion = 16.0.30907.101
MinimumVisualStudioVersion = 10.0.40219.1
Project("{FAE04EC0-301F-11D3-BF4B-00C04F79EFBC}") = "Lab1Calculyator", "Lab1Calculyator.csproj", "{F20FD5E2-9977-414F-9062-F58F5350885C}"
EndProject
Global
	GlobalSection(SolutionConfigurationPlatforms) = preSolution
		Debug|Any CPU = Debug|Any CPU
		Release|Any CPU = Release|Any CPU
	EndGlobalSection
	GlobalSection(ProjectConfigurationPlatforms) = postSolution
		{F20FD5E2-9977-414F-9062-F58F5350885C}.Debug|Any CPU.ActiveCfg = Debug|Any CPU
		{F20FD5E2-9977-414F-9062-F58F5350885C}.Debug|Any CPU.Build.0 = Debug|Any CPU
		{F20FD5E2-9977-414F-9062-F58F5350885C}.Release|Any CPU.ActiveCfg = Release|Any CPU
		{F20FD5E2-9977-414F-9062-F58F5350885C}.Release|Any CPU.Build.0 = Release|Any CPU
	EndGlobalSection
	GlobalSection(SolutionProperties) = preSolution
		HideSolutionNode = FALSE
	EndGlobalSection
	GlobalSection(ExtensibilityGlobals) = postSolution
		SolutionGuid = {BD64AA55-715A-435E-BFD5-A962190C183F}
	EndGlobalSection
EndGlobal
